// !$*UTF8*$!
{
	archiveVersion = 1;
	classes = {
	};
	objectVersion = 46;
	objects = {

/* Begin PBXBuildFile section */
		49C488941CE473AB0014A3DF /* main.m in Sources */ = {isa = PBXBuildFile; fileRef = 49C488931CE473AB0014A3DF /* main.m */; };
		49C488971CE473AB0014A3DF /* AppDelegate.m in Sources */ = {isa = PBXBuildFile; fileRef = 49C488961CE473AB0014A3DF /* AppDelegate.m */; };
		49C4889A1CE473AB0014A3DF /* ViewController.m in Sources */ = {isa = PBXBuildFile; fileRef = 49C488991CE473AB0014A3DF /* ViewController.m */; };
		49C4889D1CE473AB0014A3DF /* Main.storyboard in Resources */ = {isa = PBXBuildFile; fileRef = 49C4889B1CE473AB0014A3DF /* Main.storyboard */; };
		49C488A01CE473AB0014A3DF /* MyGit.xcdatamodeld in Sources */ = {isa = PBXBuildFile; fileRef = 49C4889E1CE473AB0014A3DF /* MyGit.xcdatamodeld */; };
		49C488A21CE473AB0014A3DF /* Assets.xcassets in Resources */ = {isa = PBXBuildFile; fileRef = 49C488A11CE473AB0014A3DF /* Assets.xcassets */; };
		49C488A51CE473AB0014A3DF /* LaunchScreen.storyboard in Resources */ = {isa = PBXBuildFile; fileRef = 49C488A31CE473AB0014A3DF /* LaunchScreen.storyboard */; };
		49C488B01CE473AB0014A3DF /* MyGitTests.m in Sources */ = {isa = PBXBuildFile; fileRef = 49C488AF1CE473AB0014A3DF /* MyGitTests.m */; };
		49C488BB1CE473AB0014A3DF /* MyGitUITests.m in Sources */ = {isa = PBXBuildFile; fileRef = 49C488BA1CE473AB0014A3DF /* MyGitUITests.m */; };
/* End PBXBuildFile section */

/* Begin PBXContainerItemProxy section */
		49C488AC1CE473AB0014A3DF /* PBXContainerItemProxy */ = {
			isa = PBXContainerItemProxy;
			containerPortal = 49C488871CE473AB0014A3DF /* Project object */;
			proxyType = 1;
			remoteGlobalIDString = 49C4888E1CE473AB0014A3DF;
			remoteInfo = MyGit;
		};
		49C488B71CE473AB0014A3DF /* PBXContainerItemProxy */ = {
			isa = PBXContainerItemProxy;
			containerPortal = 49C488871CE473AB0014A3DF /* Project object */;
			proxyType = 1;
			remoteGlobalIDString = 49C4888E1CE473AB0014A3DF;
			remoteInfo = MyGit;
		};
/* End PBXContainerItemProxy section */

/* Begin PBXFileReference section */
		49C4888F1CE473AB0014A3DF /* MyGit.app */ = {isa = PBXFileReference; explicitFileType = wrapper.application; includeInIndex = 0; path = MyGit.app; sourceTree = BUILT_PRODUCTS_DIR; };
		49C488931CE473AB0014A3DF /* main.m */ = {isa = PBXFileReference; lastKnownFileType = sourcecode.c.objc; path = main.m; sourceTree = "<group>"; };
		49C488951CE473AB0014A3DF /* AppDelegate.h */ = {isa = PBXFileReference; lastKnownFileType = sourcecode.c.h; path = AppDelegate.h; sourceTree = "<group>"; };
		49C488961CE473AB0014A3DF /* AppDelegate.m */ = {isa = PBXFileReference; lastKnownFileType = sourcecode.c.objc; path = AppDelegate.m; sourceTree = "<group>"; };
		49C488981CE473AB0014A3DF /* ViewController.h */ = {isa = PBXFileReference; lastKnownFileType = sourcecode.c.h; path = ViewController.h; sourceTree = "<group>"; };
		49C488991CE473AB0014A3DF /* ViewController.m */ = {isa = PBXFileReference; lastKnownFileType = sourcecode.c.objc; path = ViewController.m; sourceTree = "<group>"; };
		49C4889C1CE473AB0014A3DF /* Base */ = {isa = PBXFileReference; lastKnownFileType = file.storyboard; name = Base; path = Base.lproj/Main.storyboard; sourceTree = "<group>"; };
		49C4889F1CE473AB0014A3DF /* MyGit.xcdatamodel */ = {isa = PBXFileReference; lastKnownFileType = wrapper.xcdatamodel; path = MyGit.xcdatamodel; sourceTree = "<group>"; };
		49C488A11CE473AB0014A3DF /* Assets.xcassets */ = {isa = PBXFileReference; lastKnownFileType = folder.assetcatalog; path = Assets.xcassets; sourceTree = "<group>"; };
		49C488A41CE473AB0014A3DF /* Base */ = {isa = PBXFileReference; lastKnownFileType = file.storyboard; name = Base; path = Base.lproj/LaunchScreen.storyboard; sourceTree = "<group>"; };
		49C488A61CE473AB0014A3DF /* Info.plist */ = {isa = PBXFileReference; lastKnownFileType = text.plist.xml; path = Info.plist; sourceTree = "<group>"; };
		49C488AB1CE473AB0014A3DF /* MyGitTests.xctest */ = {isa = PBXFileReference; explicitFileType = wrapper.cfbundle; includeInIndex = 0; path = MyGitTests.xctest; sourceTree = BUILT_PRODUCTS_DIR; };
		49C488AF1CE473AB0014A3DF /* MyGitTests.m */ = {isa = PBXFileReference; lastKnownFileType = sourcecode.c.objc; path = MyGitTests.m; sourceTree = "<group>"; };
		49C488B11CE473AB0014A3DF /* Info.plist */ = {isa = PBXFileReference; lastKnownFileType = text.plist.xml; path = Info.plist; sourceTree = "<group>"; };
		49C488B61CE473AB0014A3DF /* MyGitUITests.xctest */ = {isa = PBXFileReference; explicitFileType = wrapper.cfbundle; includeInIndex = 0; path = MyGitUITests.xctest; sourceTree = BUILT_PRODUCTS_DIR; };
		49C488BA1CE473AB0014A3DF /* MyGitUITests.m */ = {isa = PBXFileReference; lastKnownFileType = sourcecode.c.objc; path = MyGitUITests.m; sourceTree = "<group>"; };
		49C488BC1CE473AB0014A3DF /* Info.plist */ = {isa = PBXFileReference; lastKnownFileType = text.plist.xml; path = Info.plist; sourceTree = "<group>"; };
/* End PBXFileReference section */

/* Begin PBXFrameworksBuildPhase section */
		49C4888C1CE473AB0014A3DF /* Frameworks */ = {
			isa = PBXFrameworksBuildPhase;
			buildActionMask = 2147483647;
			files = (
			);
			runOnlyForDeploymentPostprocessing = 0;
		};
		49C488A81CE473AB0014A3DF /* Frameworks */ = {
			isa = PBXFrameworksBuildPhase;
			buildActionMask = 2147483647;
			files = (
			);
			runOnlyForDeploymentPostprocessing = 0;
		};
		49C488B31CE473AB0014A3DF /* Frameworks */ = {
			isa = PBXFrameworksBuildPhase;
			buildActionMask = 2147483647;
			files = (
			);
			runOnlyForDeploymentPostprocessing = 0;
		};
/* End PBXFrameworksBuildPhase section */

/* Begin PBXGroup section */
		49C488861CE473AB0014A3DF = {
			isa = PBXGroup;
			children = (
				49C488911CE473AB0014A3DF /* MyGit */,
				49C488AE1CE473AB0014A3DF /* MyGitTests */,
				49C488B91CE473AB0014A3DF /* MyGitUITests */,
				49C488901CE473AB0014A3DF /* Products */,
			);
			sourceTree = "<group>";
		};
		49C488901CE473AB0014A3DF /* Products */ = {
			isa = PBXGroup;
			children = (
				49C4888F1CE473AB0014A3DF /* MyGit.app */,
				49C488AB1CE473AB0014A3DF /* MyGitTests.xctest */,
				49C488B61CE473AB0014A3DF /* MyGitUITests.xctest */,
			);
			name = Products;
			sourceTree = "<group>";
		};
		49C488911CE473AB0014A3DF /* MyGit */ = {
			isa = PBXGroup;
			children = (
				49C488951CE473AB0014A3DF /* AppDelegate.h */,
				49C488961CE473AB0014A3DF /* AppDelegate.m */,
				49C488981CE473AB0014A3DF /* ViewController.h */,
				49C488991CE473AB0014A3DF /* ViewController.m */,
				49C4889B1CE473AB0014A3DF /* Main.storyboard */,
				49C488A11CE473AB0014A3DF /* Assets.xcassets */,
				49C488A31CE473AB0014A3DF /* LaunchScreen.storyboard */,
				49C488A61CE473AB0014A3DF /* Info.plist */,
				49C4889E1CE473AB0014A3DF /* MyGit.xcdatamodeld */,
				49C488921CE473AB0014A3DF /* Supporting Files */,
			);
			path = MyGit;
			sourceTree = "<group>";
		};
		49C488921CE473AB0014A3DF /* Supporting Files */ = {
			isa = PBXGroup;
			children = (
				49C488931CE473AB0014A3DF /* main.m */,
			);
			name = "Supporting Files";
			sourceTree = "<group>";
		};
		49C488AE1CE473AB0014A3DF /* MyGitTests */ = {
			isa = PBXGroup;
			children = (
				49C488AF1CE473AB0014A3DF /* MyGitTests.m */,
				49C488B11CE473AB0014A3DF /* Info.plist */,
			);
			path = MyGitTests;
			sourceTree = "<group>";
		};
		49C488B91CE473AB0014A3DF /* MyGitUITests */ = {
			isa = PBXGroup;
			children = (
				49C488BA1CE473AB0014A3DF /* MyGitUITests.m */,
				49C488BC1CE473AB0014A3DF /* Info.plist */,
			);
			path = MyGitUITests;
			sourceTree = "<group>";
		};
/* End PBXGroup section */

/* Begin PBXNativeTarget section */
		49C4888E1CE473AB0014A3DF /* MyGit */ = {
			isa = PBXNativeTarget;
			buildConfigurationList = 49C488BF1CE473AB0014A3DF /* Build configuration list for PBXNativeTarget "MyGit" */;
			buildPhases = (
				49C4888B1CE473AB0014A3DF /* Sources */,
				49C4888C1CE473AB0014A3DF /* Frameworks */,
				49C4888D1CE473AB0014A3DF /* Resources */,
			);
			buildRules = (
			);
			dependencies = (
			);
			name = MyGit;
			productName = MyGit;
			productReference = 49C4888F1CE473AB0014A3DF /* MyGit.app */;
			productType = "com.apple.product-type.application";
		};
		49C488AA1CE473AB0014A3DF /* MyGitTests */ = {
			isa = PBXNativeTarget;
			buildConfigurationList = 49C488C21CE473AB0014A3DF /* Build configuration list for PBXNativeTarget "MyGitTests" */;
			buildPhases = (
				49C488A71CE473AB0014A3DF /* Sources */,
				49C488A81CE473AB0014A3DF /* Frameworks */,
				49C488A91CE473AB0014A3DF /* Resources */,
			);
			buildRules = (
			);
			dependencies = (
				49C488AD1CE473AB0014A3DF /* PBXTargetDependency */,
			);
			name = MyGitTests;
			productName = MyGitTests;
			productReference = 49C488AB1CE473AB0014A3DF /* MyGitTests.xctest */;
			productType = "com.apple.product-type.bundle.unit-test";
		};
		49C488B51CE473AB0014A3DF /* MyGitUITests */ = {
			isa = PBXNativeTarget;
			buildConfigurationList = 49C488C51CE473AB0014A3DF /* Build configuration list for PBXNativeTarget "MyGitUITests" */;
			buildPhases = (
				49C488B21CE473AB0014A3DF /* Sources */,
				49C488B31CE473AB0014A3DF /* Frameworks */,
				49C488B41CE473AB0014A3DF /* Resources */,
			);
			buildRules = (
			);
			dependencies = (
				49C488B81CE473AB0014A3DF /* PBXTargetDependency */,
			);
			name = MyGitUITests;
			productName = MyGitUITests;
			productReference = 49C488B61CE473AB0014A3DF /* MyGitUITests.xctest */;
			productType = "com.apple.product-type.bundle.ui-testing";
		};
/* End PBXNativeTarget section */

/* Begin PBXProject section */
		49C488871CE473AB0014A3DF /* Project object */ = {
			isa = PBXProject;
			attributes = {
				LastUpgradeCheck = 0720;
				ORGANIZATIONNAME = YIem;
				TargetAttributes = {
					49C4888E1CE473AB0014A3DF = {
						CreatedOnToolsVersion = 7.2.1;
					};
					49C488AA1CE473AB0014A3DF = {
						CreatedOnToolsVersion = 7.2.1;
						TestTargetID = 49C4888E1CE473AB0014A3DF;
					};
					49C488B51CE473AB0014A3DF = {
						CreatedOnToolsVersion = 7.2.1;
						TestTargetID = 49C4888E1CE473AB0014A3DF;
					};
				};
			};
			buildConfigurationList = 49C4888A1CE473AB0014A3DF /* Build configuration list for PBXProject "MyGit" */;
			compatibilityVersion = "Xcode 3.2";
			developmentRegion = English;
			hasScannedForEncodings = 0;
			knownRegions = (
				en,
				Base,
			);
			mainGroup = 49C488861CE473AB0014A3DF;
			productRefGroup = 49C488901CE473AB0014A3DF /* Products */;
			projectDirPath = "";
			projectRoot = "";
			targets = (
				49C4888E1CE473AB0014A3DF /* MyGit */,
				49C488AA1CE473AB0014A3DF /* MyGitTests */,
				49C488B51CE473AB0014A3DF /* MyGitUITests */,
			);
		};
/* End PBXProject section */

/* Begin PBXResourcesBuildPhase section */
		49C4888D1CE473AB0014A3DF /* Resources */ = {
			isa = PBXResourcesBuildPhase;
			buildActionMask = 2147483647;
			files = (
				49C488A51CE473AB0014A3DF /* LaunchScreen.storyboard in Resources */,
				49C488A21CE473AB0014A3DF /* Assets.xcassets in Resources */,
				49C4889D1CE473AB0014A3DF /* Main.storyboard in Resources */,
			);
			runOnlyForDeploymentPostprocessing = 0;
		};
		49C488A91CE473AB0014A3DF /* Resources */ = {
			isa = PBXResourcesBuildPhase;
			buildActionMask = 2147483647;
			files = (
			);
			runOnlyForDeploymentPostprocessing = 0;
		};
		49C488B41CE473AB0014A3DF /* Resources */ = {
			isa = PBXResourcesBuildPhase;
			buildActionMask = 2147483647;
			files = (
			);
			runOnlyForDeploymentPostprocessing = 0;
		};
/* End PBXResourcesBuildPhase section */

/* Begin PBXSourcesBuildPhase section */
		49C4888B1CE473AB0014A3DF /* Sources */ = {
			isa = PBXSourcesBuildPhase;
			buildActionMask = 2147483647;
			files = (
				49C488A01CE473AB0014A3DF /* MyGit.xcdatamodeld in Sources */,
				49C4889A1CE473AB0014A3DF /* ViewController.m in Sources */,
				49C488971CE473AB0014A3DF /* AppDelegate.m in Sources */,
				49C488941CE473AB0014A3DF /* main.m in Sources */,
			);
			runOnlyForDeploymentPostprocessing = 0;
		};
		49C488A71CE473AB0014A3DF /* Sources */ = {
			isa = PBXSourcesBuildPhase;
			buildActionMask = 2147483647;
			files = (
				49C488B01CE473AB0014A3DF /* MyGitTests.m in Sources */,
			);
			runOnlyForDeploymentPostprocessing = 0;
		};
		49C488B21CE473AB0014A3DF /* Sources */ = {
			isa = PBXSourcesBuildPhase;
			buildActionMask = 2147483647;
			files = (
				49C488BB1CE473AB0014A3DF /* MyGitUITests.m in Sources */,
			);
			runOnlyForDeploymentPostprocessing = 0;
		};
/* End PBXSourcesBuildPhase section */

/* Begin PBXTargetDependency section */
		49C488AD1CE473AB0014A3DF /* PBXTargetDependency */ = {
			isa = PBXTargetDependency;
			target = 49C4888E1CE473AB0014A3DF /* MyGit */;
			targetProxy = 49C488AC1CE473AB0014A3DF /* PBXContainerItemProxy */;
		};
		49C488B81CE473AB0014A3DF /* PBXTargetDependency */ = {
			isa = PBXTargetDependency;
			target = 49C4888E1CE473AB0014A3DF /* MyGit */;
			targetProxy = 49C488B71CE473AB0014A3DF /* PBXContainerItemProxy */;
		};
/* End PBXTargetDependency section */

/* Begin PBXVariantGroup section */
		49C4889B1CE473AB0014A3DF /* Main.storyboard */ = {
			isa = PBXVariantGroup;
			children = (
				49C4889C1CE473AB0014A3DF /* Base */,
			);
			name = Main.storyboard;
			sourceTree = "<group>";
		};
		49C488A31CE473AB0014A3DF /* LaunchScreen.storyboard */ = {
			isa = PBXVariantGroup;
			children = (
				49C488A41CE473AB0014A3DF /* Base */,
			);
			name = LaunchScreen.storyboard;
			sourceTree = "<group>";
		};
/* End PBXVariantGroup section */

/* Begin XCBuildConfiguration section */
		49C488BD1CE473AB0014A3DF /* Debug */ = {
			isa = XCBuildConfiguration;
			buildSettings = {
				ALWAYS_SEARCH_USER_PATHS = NO;
				CLANG_CXX_LANGUAGE_STANDARD = "gnu++0x";
				CLANG_CXX_LIBRARY = "libc++";
				CLANG_ENABLE_MODULES = YES;
				CLANG_ENABLE_OBJC_ARC = YES;
				CLANG_WARN_BOOL_CONVERSION = YES;
				CLANG_WARN_CONSTANT_CONVERSION = YES;
				CLANG_WARN_DIRECT_OBJC_ISA_USAGE = YES_ERROR;
				CLANG_WARN_EMPTY_BODY = YES;
				CLANG_WARN_ENUM_CONVERSION = YES;
				CLANG_WARN_INT_CONVERSION = YES;
				CLANG_WARN_OBJC_ROOT_CLASS = YES_ERROR;
				CLANG_WARN_UNREACHABLE_CODE = YES;
				CLANG_WARN__DUPLICATE_METHOD_MATCH = YES;
				"CODE_SIGN_IDENTITY[sdk=iphoneos*]" = "iPhone Developer";
				COPY_PHASE_STRIP = NO;
				DEBUG_INFORMATION_FORMAT = dwarf;
				ENABLE_STRICT_OBJC_MSGSEND = YES;
				ENABLE_TESTABILITY = YES;
				GCC_C_LANGUAGE_STANDARD = gnu99;
				GCC_DYNAMIC_NO_PIC = NO;
				GCC_NO_COMMON_BLOCKS = YES;
				GCC_OPTIMIZATION_LEVEL = 0;
				GCC_PREPROCESSOR_DEFINITIONS = (
					"DEBUG=1",
					"$(inherited)",
				);
				GCC_WARN_64_TO_32_BIT_CONVERSION = YES;
				GCC_WARN_ABOUT_RETURN_TYPE = YES_ERROR;
				GCC_WARN_UNDECLARED_SELECTOR = YES;
				GCC_WARN_UNINITIALIZED_AUTOS = YES_AGGRESSIVE;
				GCC_WARN_UNUSED_FUNCTION = YES;
				GCC_WARN_UNUSED_VARIABLE = YES;
				IPHONEOS_DEPLOYMENT_TARGET = 9.2;
				MTL_ENABLE_DEBUG_INFO = YES;
				ONLY_ACTIVE_ARCH = YES;
				SDKROOT = iphoneos;
			};
			name = Debug;
		};
		49C488BE1CE473AB0014A3DF /* Release */ = {
			isa = XCBuildConfiguration;
			buildSettings = {
				ALWAYS_SEARCH_USER_PATHS = NO;
				CLANG_CXX_LANGUAGE_STANDARD = "gnu++0x";
				CLANG_CXX_LIBRARY = "libc++";
				CLANG_ENABLE_MODULES = YES;
				CLANG_ENABLE_OBJC_ARC = YES;
				CLANG_WARN_BOOL_CONVERSION = YES;
				CLANG_WARN_CONSTANT_CONVERSION = YES;
				CLANG_WARN_DIRECT_OBJC_ISA_USAGE = YES_ERROR;
				CLANG_WARN_EMPTY_BODY = YES;
				CLANG_WARN_ENUM_CONVERSION = YES;
				CLANG_WARN_INT_CONVERSION = YES;
				CLANG_WARN_OBJC_ROOT_CLASS = YES_ERROR;
				CLANG_WARN_UNREACHABLE_CODE = YES;
				CLANG_WARN__DUPLICATE_METHOD_MATCH = YES;
				"CODE_SIGN_IDENTITY[sdk=iphoneos*]" = "iPhone Developer";
				COPY_PHASE_STRIP = NO;
				DEBUG_INFORMATION_FORMAT = "dwarf-with-dsym";
				ENABLE_NS_ASSERTIONS = NO;
				ENABLE_STRICT_OBJC_MSGSEND = YES;
				GCC_C_LANGUAGE_STANDARD = gnu99;
				GCC_NO_COMMON_BLOCKS = YES;
				GCC_WARN_64_TO_32_BIT_CONVERSION = YES;
				GCC_WARN_ABOUT_RETURN_TYPE = YES_ERROR;
				GCC_WARN_UNDECLARED_SELECTOR = YES;
				GCC_WARN_UNINITIALIZED_AUTOS = YES_AGGRESSIVE;
				GCC_WARN_UNUSED_FUNCTION = YES;
				GCC_WARN_UNUSED_VARIABLE = YES;
				IPHONEOS_DEPLOYMENT_TARGET = 9.2;
				MTL_ENABLE_DEBUG_INFO = NO;
				SDKROOT = iphoneos;
				VALIDATE_PRODUCT = YES;
			};
			name = Release;
		};
		49C488C01CE473AB0014A3DF /* Debug */ = {
			isa = XCBuildConfiguration;
			buildSettings = {
				ASSETCATALOG_COMPILER_APPICON_NAME = AppIcon;
				INFOPLIST_FILE = MyGit/Info.plist;
				LD_RUNPATH_SEARCH_PATHS = "$(inherited) @executable_path/Frameworks";
				PRODUCT_BUNDLE_IDENTIFIER = net.yiem.MyGit;
				PRODUCT_NAME = "$(TARGET_NAME)";
			};
			name = Debug;
		};
		49C488C11CE473AB0014A3DF /* Release */ = {
			isa = XCBuildConfiguration;
			buildSettings = {
				ASSETCATALOG_COMPILER_APPICON_NAME = AppIcon;
				INFOPLIST_FILE = MyGit/Info.plist;
				LD_RUNPATH_SEARCH_PATHS = "$(inherited) @executable_path/Frameworks";
				PRODUCT_BUNDLE_IDENTIFIER = net.yiem.MyGit;
				PRODUCT_NAME = "$(TARGET_NAME)";
			};
			name = Release;
		};
		49C488C31CE473AB0014A3DF /* Debug */ = {
			isa = XCBuildConfiguration;
			buildSettings = {
				BUNDLE_LOADER = "$(TEST_HOST)";
				INFOPLIST_FILE = MyGitTests/Info.plist;
				LD_RUNPATH_SEARCH_PATHS = "$(inherited) @executable_path/Frameworks @loader_path/Frameworks";
				PRODUCT_BUNDLE_IDENTIFIER = net.yiem.MyGitTests;
				PRODUCT_NAME = "$(TARGET_NAME)";
				TEST_HOST = "$(BUILT_PRODUCTS_DIR)/MyGit.app/MyGit";
			};
			name = Debug;
		};
		49C488C41CE473AB0014A3DF /* Release */ = {
			isa = XCBuildConfiguration;
			buildSettings = {
				BUNDLE_LOADER = "$(TEST_HOST)";
				INFOPLIST_FILE = MyGitTests/Info.plist;
				LD_RUNPATH_SEARCH_PATHS = "$(inherited) @executable_path/Frameworks @loader_path/Frameworks";
				PRODUCT_BUNDLE_IDENTIFIER = net.yiem.MyGitTests;
				PRODUCT_NAME = "$(TARGET_NAME)";
				TEST_HOST = "$(BUILT_PRODUCTS_DIR)/MyGit.app/MyGit";
			};
			name = Release;
		};
		49C488C61CE473AB0014A3DF /* Debug */ = {
			isa = XCBuildConfiguration;
			buildSettings = {
				INFOPLIST_FILE = MyGitUITests/Info.plist;
				LD_RUNPATH_SEARCH_PATHS = "$(inherited) @executable_path/Frameworks @loader_path/Frameworks";
				PRODUCT_BUNDLE_IDENTIFIER = net.yiem.MyGitUITests;
				PRODUCT_NAME = "$(TARGET_NAME)";
				TEST_TARGET_NAME = MyGit;
				USES_XCTRUNNER = YES;
			};
			name = Debug;
		};
		49C488C71CE473AB0014A3DF /* Release */ = {
			isa = XCBuildConfiguration;
			buildSettings = {
				INFOPLIST_FILE = MyGitUITests/Info.plist;
				LD_RUNPATH_SEARCH_PATHS = "$(inherited) @executable_path/Frameworks @loader_path/Frameworks";
				PRODUCT_BUNDLE_IDENTIFIER = net.yiem.MyGitUITests;
				PRODUCT_NAME = "$(TARGET_NAME)";
				TEST_TARGET_NAME = MyGit;
				USES_XCTRUNNER = YES;
			};
			name = Release;
		};
/* End XCBuildConfiguration section */

/* Begin XCConfigurationList section */
		49C4888A1CE473AB0014A3DF /* Build configuration list for PBXProject "MyGit" */ = {
			isa = XCConfigurationList;
			buildConfigurations = (
				49C488BD1CE473AB0014A3DF /* Debug */,
				49C488BE1CE473AB0014A3DF /* Release */,
			);
			defaultConfigurationIsVisible = 0;
			defaultConfigurationName = Release;
		};
		49C488BF1CE473AB0014A3DF /* Build configuration list for PBXNativeTarget "MyGit" */ = {
			isa = XCConfigurationList;
			buildConfigurations = (
				49C488C01CE473AB0014A3DF /* Debug */,
				49C488C11CE473AB0014A3DF /* Release */,
			);
			defaultConfigurationIsVisible = 0;
		};
		49C488C21CE473AB0014A3DF /* Build configuration list for PBXNativeTarget "MyGitTests" */ = {
			isa = XCConfigurationList;
			buildConfigurations = (
				49C488C31CE473AB0014A3DF /* Debug */,
				49C488C41CE473AB0014A3DF /* Release */,
			);
			defaultConfigurationIsVisible = 0;
		};
		49C488C51CE473AB0014A3DF /* Build configuration list for PBXNativeTarget "MyGitUITests" */ = {
			isa = XCConfigurationList;
			buildConfigurations = (
				49C488C61CE473AB0014A3DF /* Debug */,
				49C488C71CE473AB0014A3DF /* Release */,
			);
			defaultConfigurationIsVisible = 0;
		};
/* End XCConfigurationList section */

/* Begin XCVersionGroup section */
		49C4889E1CE473AB0014A3DF /* MyGit.xcdatamodeld */ = {
			isa = XCVersionGroup;
			children = (
				49C4889F1CE473AB0014A3DF /* MyGit.xcdatamodel */,
			);
			currentVersion = 49C4889F1CE473AB0014A3DF /* MyGit.xcdatamodel */;
			path = MyGit.xcdatamodeld;
			sourceTree = "<group>";
			versionGroupType = wrapper.xcdatamodel;
		};
/* End XCVersionGroup section */
	};
	rootObject = 49C488871CE473AB0014A3DF /* Project object */;
}
